{
  "lockfile_version": "1",
  "packages": {
    "github:NixOS/nixpkgs/nixpkgs-unstable": {
      "last_modified": "2025-08-28T11:50:14Z",
      "resolved": "github:NixOS/nixpkgs/aca2499b79170038df0dbaec8bf2f689b506ad32?lastModified=1756381814&narHash=sha256-tzo7YvAsGlzo4WiIHT0ooR59VHu%2BaKRQdHk7sIyoia4%3D"
    },
    "uv@0.8": {
      "last_modified": "2025-09-18T16:33:27Z",
      "resolved": "github:NixOS/nixpkgs/f4b140d5b253f5e2a1ff4e5506edbf8267724bde#uv",
      "source": "devbox-search",
      "version": "0.8.14",
      "systems": {
        "aarch64-darwin": {
          "outputs": [
            {
              "name": "out",
              "path": "/nix/store/jvsjlmb0h8kfflmr1fjqaqvv8znp99pr-uv-0.8.14",
              "default": true
            }
          ],
          "store_path": "/nix/store/jvsjlmb0h8kfflmr1fjqaqvv8znp99pr-uv-0.8.14"
        },
        "aarch64-linux": {
          "outputs": [
            {
              "name": "out",
              "path": "/nix/store/3yyvvd9k79im73nsafnrqqadi7ln7lgd-uv-0.8.14",
              "default": true
            }
          ],
          "store_path": "/nix/store/3yyvvd9k79im73nsafnrqqadi7ln7lgd-uv-0.8.14"
        },
        "x86_64-darwin": {
          "outputs": [
            {
              "name": "out",
              "path": "/nix/store/lsl4wjgvsfvka6dm0lirlgpfks3r9937-uv-0.8.14",
              "default": true
            }
          ],
          "store_path": "/nix/store/lsl4wjgvsfvka6dm0lirlgpfks3r9937-uv-0.8.14"
        },
        "x86_64-linux": {
          "outputs": [
            {
              "name": "out",
              "path": "/nix/store/d4klvr31w9qc9qpypwaxmz6f9xy3339y-uv-0.8.14",
              "default": true
            }
          ],
          "store_path": "/nix/store/d4klvr31w9qc9qpypwaxmz6f9xy3339y-uv-0.8.14"
        }
      }
    }
  }
}
